Microsoft Visual Studio Solution File, Format Version 11.00
# Visual Studio 2008

Project("{CBECD5E9-18B8-5FD3-7CBE-B0FBA04B2F4C}") = "Projet MORPHI", "Assembly-CSharp.csproj", "{90FCEFB9-D789-2043-3757-37235949D3B5}"
EndProject
Global
	GlobalSection(SolutionConfigurationPlatforms) = preSolution
		Debug|Any CPU = Debug|Any CPU
		Release|Any CPU = Release|Any CPU
	EndGlobalSection
	GlobalSection(ProjectConfigurationPlatforms) = postSolution
		{90FCEFB9-D789-2043-3757-37235949D3B5}.Debug|Any CPU.ActiveCfg = Debug|Any CPU
		{90FCEFB9-D789-2043-3757-37235949D3B5}.Debug|Any CPU.Build.0 = Debug|Any CPU
		{90FCEFB9-D789-2043-3757-37235949D3B5}.Release|Any CPU.ActiveCfg = Release|Any CPU
		{90FCEFB9-D789-2043-3757-37235949D3B5}.Release|Any CPU.Build.0 = Release|Any CPU
	EndGlobalSection
	GlobalSection(SolutionProperties) = preSolution
		HideSolutionNode = FALSE
	EndGlobalSection
	GlobalSection(MonoDevelopProperties) = preSolution
		StartupItem = Assembly-CSharp.csproj
	EndGlobalSection
EndGlobal
